
Microsoft Visual Studio Solution File, Format Version 12.00
# Visual Studio Version 16
VisualStudioVersion = 16.0.29905.134
MinimumVisualStudioVersion = 10.0.40219.1
Project("{FAE04EC0-301F-11D3-BF4B-00C04F79EFBC}") = "final", "final.csproj", "{495782C4-EEC9-4601-8818-E25582069AEE}"
EndProject
Global
	GlobalSection(SolutionConfigurationPlatforms) = preSolution
		Debug|Any CPU = Debug|Any CPU
		Release|Any CPU = Release|Any CPU
	EndGlobalSection
	GlobalSection(ProjectConfigurationPlatforms) = postSolution
		{495782C4-EEC9-4601-8818-E25582069AEE}.Debug|Any CPU.ActiveCfg = Debug|Any CPU
		{495782C4-EEC9-4601-8818-E25582069AEE}.Debug|Any CPU.Build.0 = Debug|Any CPU
		{495782C4-EEC9-4601-8818-E25582069AEE}.Release|Any CPU.ActiveCfg = Release|Any CPU
		{495782C4-EEC9-4601-8818-E25582069AEE}.Release|Any CPU.Build.0 = Release|Any CPU
	EndGlobalSection
	GlobalSection(SolutionProperties) = preSolution
		HideSolutionNode = FALSE
	EndGlobalSection
	GlobalSection(ExtensibilityGlobals) = postSolution
		SolutionGuid = {5564AD48-1C7E-4639-B685-6A4657DB6AEB}
	EndGlobalSection
EndGlobal
